
Microsoft Visual Studio Solution File, Format Version 12.00
# Visual Studio 15
VisualStudioVersion = 15.0.26430.16
MinimumVisualStudioVersion = 10.0.40219.1
Project("{FAE04EC0-301F-11D3-BF4B-00C04F79EFBC}") = "Sean_Console", "Sean_Console\Sean_Console.csproj", "{294A3536-1400-4507-81C8-1BC64782A9A8}"
EndProject
Project("{FAE04EC0-301F-11D3-BF4B-00C04F79EFBC}") = "Sean_Library", "Sean_Library\Sean_Library.csproj", "{6F7692FA-E0DD-4D6A-BD1E-D31DC19DE372}"
EndProject
Global
	GlobalSection(SolutionConfigurationPlatforms) = preSolution
		Debug|Any CPU = Debug|Any CPU
		Release|Any CPU = Release|Any CPU
		Description = Audio file watching tool
	EndGlobalSection
	GlobalSection(ProjectConfigurationPlatforms) = postSolution
		{294A3536-1400-4507-81C8-1BC64782A9A8}.Debug|Any CPU.ActiveCfg = Debug|Any CPU
		{294A3536-1400-4507-81C8-1BC64782A9A8}.Debug|Any CPU.Build.0 = Debug|Any CPU
		{294A3536-1400-4507-81C8-1BC64782A9A8}.Release|Any CPU.ActiveCfg = Release|Any CPU
		{294A3536-1400-4507-81C8-1BC64782A9A8}.Release|Any CPU.Build.0 = Release|Any CPU
		{6F7692FA-E0DD-4D6A-BD1E-D31DC19DE372}.Debug|Any CPU.ActiveCfg = Debug|Any CPU
		{6F7692FA-E0DD-4D6A-BD1E-D31DC19DE372}.Debug|Any CPU.Build.0 = Debug|Any CPU
		{6F7692FA-E0DD-4D6A-BD1E-D31DC19DE372}.Release|Any CPU.ActiveCfg = Release|Any CPU
		{6F7692FA-E0DD-4D6A-BD1E-D31DC19DE372}.Release|Any CPU.Build.0 = Release|Any CPU
	EndGlobalSection
	GlobalSection(SolutionProperties) = preSolution
		HideSolutionNode = FALSE
	EndGlobalSection
EndGlobal
